
Microsoft Visual Studio Solution File, Format Version 12.00
# Visual Studio 15
VisualStudioVersion = 15.0.28010.2050
MinimumVisualStudioVersion = 10.0.40219.1
Project("{FAE04EC0-301F-11D3-BF4B-00C04F79EFBC}") = "ShoesDiscription.Android", "ShoesDiscription\ShoesDiscription.Android\ShoesDiscription.Android.csproj", "{3A1EE7F6-DDD1-42D9-ABEF-32802568732E}"
EndProject
Project("{FAE04EC0-301F-11D3-BF4B-00C04F79EFBC}") = "ShoesDiscription.iOS", "ShoesDiscription\ShoesDiscription.iOS\ShoesDiscription.iOS.csproj", "{D658B210-3DBD-4D7C-AB79-0D92DB909B3B}"
EndProject
Project("{FAE04EC0-301F-11D3-BF4B-00C04F79EFBC}") = "ShoesDiscription", "ShoesDiscription\ShoesDiscription\ShoesDiscription.csproj", "{873DDE7D-527C-4703-BE92-E6A892AC622B}"
EndProject
Global
	GlobalSection(SolutionConfigurationPlatforms) = preSolution
		Ad-Hoc|Any CPU = Ad-Hoc|Any CPU
		Ad-Hoc|iPhone = Ad-Hoc|iPhone
		Ad-Hoc|iPhoneSimulator = Ad-Hoc|iPhoneSimulator
		AppStore|Any CPU = AppStore|Any CPU
		AppStore|iPhone = AppStore|iPhone
		AppStore|iPhoneSimulator = AppStore|iPhoneSimulator
		Debug|Any CPU = Debug|Any CPU
		Debug|iPhone = Debug|iPhone
		Debug|iPhoneSimulator = Debug|iPhoneSimulator
		Release|Any CPU = Release|Any CPU
		Release|iPhone = Release|iPhone
		Release|iPhoneSimulator = Release|iPhoneSimulator
	EndGlobalSection
	GlobalSection(ProjectConfigurationPlatforms) = postSolution
		{3A1EE7F6-DDD1-42D9-ABEF-32802568732E}.Ad-Hoc|Any CPU.ActiveCfg = Release|Any CPU
		{3A1EE7F6-DDD1-42D9-ABEF-32802568732E}.Ad-Hoc|Any CPU.Build.0 = Release|Any CPU
		{3A1EE7F6-DDD1-42D9-ABEF-32802568732E}.Ad-Hoc|Any CPU.Deploy.0 = Release|Any CPU
		{3A1EE7F6-DDD1-42D9-ABEF-32802568732E}.Ad-Hoc|iPhone.ActiveCfg = Release|Any CPU
		{3A1EE7F6-DDD1-42D9-ABEF-32802568732E}.Ad-Hoc|iPhone.Build.0 = Release|Any CPU
		{3A1EE7F6-DDD1-42D9-ABEF-32802568732E}.Ad-Hoc|iPhone.Deploy.0 = Release|Any CPU
		{3A1EE7F6-DDD1-42D9-ABEF-32802568732E}.Ad-Hoc|iPhoneSimulator.ActiveCfg = Release|Any CPU
		{3A1EE7F6-DDD1-42D9-ABEF-32802568732E}.Ad-Hoc|iPhoneSimulator.Build.0 = Release|Any CPU
		{3A1EE7F6-DDD1-42D9-ABEF-32802568732E}.Ad-Hoc|iPhoneSimulator.Deploy.0 = Release|Any CPU
		{3A1EE7F6-DDD1-42D9-ABEF-32802568732E}.AppStore|Any CPU.ActiveCfg = Release|Any CPU
		{3A1EE7F6-DDD1-42D9-ABEF-32802568732E}.AppStore|Any CPU.Build.0 = Release|Any CPU
		{3A1EE7F6-DDD1-42D9-ABEF-32802568732E}.AppStore|Any CPU.Deploy.0 = Release|Any CPU
		{3A1EE7F6-DDD1-42D9-ABEF-32802568732E}.AppStore|iPhone.ActiveCfg = Release|Any CPU
		{3A1EE7F6-DDD1-42D9-ABEF-32802568732E}.AppStore|iPhone.Build.0 = Release|Any CPU
		{3A1EE7F6-DDD1-42D9-ABEF-32802568732E}.AppStore|iPhone.Deploy.0 = Release|Any CPU
		{3A1EE7F6-DDD1-42D9-ABEF-32802568732E}.AppStore|iPhoneSimulator.ActiveCfg = Release|Any CPU
		{3A1EE7F6-DDD1-42D9-ABEF-32802568732E}.AppStore|iPhoneSimulator.Build.0 = Release|Any CPU
		{3A1EE7F6-DDD1-42D9-ABEF-32802568732E}.AppStore|iPhoneSimulator.Deploy.0 = Release|Any CPU
		{3A1EE7F6-DDD1-42D9-ABEF-32802568732E}.Debug|Any CPU.ActiveCfg = Debug|Any CPU
		{3A1EE7F6-DDD1-42D9-ABEF-32802568732E}.Debug|Any CPU.Build.0 = Debug|Any CPU
		{3A1EE7F6-DDD1-42D9-ABEF-32802568732E}.Debug|Any CPU.Deploy.0 = Debug|Any CPU
		{3A1EE7F6-DDD1-42D9-ABEF-32802568732E}.Debug|iPhone.ActiveCfg = Debug|Any CPU
		{3A1EE7F6-DDD1-42D9-ABEF-32802568732E}.Debug|iPhone.Build.0 = Debug|Any CPU
		{3A1EE7F6-DDD1-42D9-ABEF-32802568732E}.Debug|iPhone.Deploy.0 = Debug|Any CPU
		{3A1EE7F6-DDD1-42D9-ABEF-32802568732E}.Debug|iPhoneSimulator.ActiveCfg = Debug|Any CPU
		{3A1EE7F6-DDD1-42D9-ABEF-32802568732E}.Debug|iPhoneSimulator.Build.0 = Debug|Any CPU
		{3A1EE7F6-DDD1-42D9-ABEF-32802568732E}.Debug|iPhoneSimulator.Deploy.0 = Debug|Any CPU
		{3A1EE7F6-DDD1-42D9-ABEF-32802568732E}.Release|Any CPU.ActiveCfg = Release|Any CPU
		{3A1EE7F6-DDD1-42D9-ABEF-32802568732E}.Release|Any CPU.Build.0 = Release|Any CPU
		{3A1EE7F6-DDD1-42D9-ABEF-32802568732E}.Release|Any CPU.Deploy.0 = Release|Any CPU
		{3A1EE7F6-DDD1-42D9-ABEF-32802568732E}.Release|iPhone.ActiveCfg = Release|Any CPU
		{3A1EE7F6-DDD1-42D9-ABEF-32802568732E}.Release|iPhone.Build.0 = Release|Any CPU
		{3A1EE7F6-DDD1-42D9-ABEF-32802568732E}.Release|iPhone.Deploy.0 = Release|Any CPU
		{3A1EE7F6-DDD1-42D9-ABEF-32802568732E}.Release|iPhoneSimulator.ActiveCfg = Release|Any CPU
		{3A1EE7F6-DDD1-42D9-ABEF-32802568732E}.Release|iPhoneSimulator.Build.0 = Release|Any CPU
		{3A1EE7F6-DDD1-42D9-ABEF-32802568732E}.Release|iPhoneSimulator.Deploy.0 = Release|Any CPU
		{D658B210-3DBD-4D7C-AB79-0D92DB909B3B}.Ad-Hoc|Any CPU.ActiveCfg = Ad-Hoc|iPhone
		{D658B210-3DBD-4D7C-AB79-0D92DB909B3B}.Ad-Hoc|Any CPU.Build.0 = Ad-Hoc|iPhone
		{D658B210-3DBD-4D7C-AB79-0D92DB909B3B}.Ad-Hoc|Any CPU.Deploy.0 = Ad-Hoc|iPhone
		{D658B210-3DBD-4D7C-AB79-0D92DB909B3B}.Ad-Hoc|iPhone.ActiveCfg = Ad-Hoc|iPhone
		{D658B210-3DBD-4D7C-AB79-0D92DB909B3B}.Ad-Hoc|iPhone.Build.0 = Ad-Hoc|iPhone
		{D658B210-3DBD-4D7C-AB79-0D92DB909B3B}.Ad-Hoc|iPhone.Deploy.0 = Ad-Hoc|iPhone
		{D658B210-3DBD-4D7C-AB79-0D92DB909B3B}.Ad-Hoc|iPhoneSimulator.ActiveCfg = Ad-Hoc|iPhoneSimulator
		{D658B210-3DBD-4D7C-AB79-0D92DB909B3B}.Ad-Hoc|iPhoneSimulator.Build.0 = Ad-Hoc|iPhoneSimulator
		{D658B210-3DBD-4D7C-AB79-0D92DB909B3B}.Ad-Hoc|iPhoneSimulator.Deploy.0 = Ad-Hoc|iPhoneSimulator
		{D658B210-3DBD-4D7C-AB79-0D92DB909B3B}.AppStore|Any CPU.ActiveCfg = AppStore|iPhone
		{D658B210-3DBD-4D7C-AB79-0D92DB909B3B}.AppStore|Any CPU.Build.0 = AppStore|iPhone
		{D658B210-3DBD-4D7C-AB79-0D92DB909B3B}.AppStore|Any CPU.Deploy.0 = AppStore|iPhone
		{D658B210-3DBD-4D7C-AB79-0D92DB909B3B}.AppStore|iPhone.ActiveCfg = AppStore|iPhone
		{D658B210-3DBD-4D7C-AB79-0D92DB909B3B}.AppStore|iPhone.Build.0 = AppStore|iPhone
		{D658B210-3DBD-4D7C-AB79-0D92DB909B3B}.AppStore|iPhone.Deploy.0 = AppStore|iPhone
		{D658B210-3DBD-4D7C-AB79-0D92DB909B3B}.AppStore|iPhoneSimulator.ActiveCfg = AppStore|iPhoneSimulator
		{D658B210-3DBD-4D7C-AB79-0D92DB909B3B}.AppStore|iPhoneSimulator.Build.0 = AppStore|iPhoneSimulator
		{D658B210-3DBD-4D7C-AB79-0D92DB909B3B}.AppStore|iPhoneSimulator.Deploy.0 = AppStore|iPhoneSimulator
		{D658B210-3DBD-4D7C-AB79-0D92DB909B3B}.Debug|Any CPU.ActiveCfg = Debug|iPhoneSimulator
		{D658B210-3DBD-4D7C-AB79-0D92DB909B3B}.Debug|Any CPU.Build.0 = Debug|iPhoneSimulator
		{D658B210-3DBD-4D7C-AB79-0D92DB909B3B}.Debug|Any CPU.Deploy.0 = Debug|iPhoneSimulator
		{D658B210-3DBD-4D7C-AB79-0D92DB909B3B}.Debug|iPhone.ActiveCfg = Debug|iPhone
		{D658B210-3DBD-4D7C-AB79-0D92DB909B3B}.Debug|iPhone.Build.0 = Debug|iPhone
		{D658B210-3DBD-4D7C-AB79-0D92DB909B3B}.Debug|iPhone.Deploy.0 = Debug|iPhone
		{D658B210-3DBD-4D7C-AB79-0D92DB909B3B}.Debug|iPhoneSimulator.ActiveCfg = Debug|iPhoneSimulator
		{D658B210-3DBD-4D7C-AB79-0D92DB909B3B}.Debug|iPhoneSimulator.Build.0 = Debug|iPhoneSimulator
		{D658B210-3DBD-4D7C-AB79-0D92DB909B3B}.Debug|iPhoneSimulator.Deploy.0 = Debug|iPhoneSimulator
		{D658B210-3DBD-4D7C-AB79-0D92DB909B3B}.Release|Any CPU.ActiveCfg = Release|iPhone
		{D658B210-3DBD-4D7C-AB79-0D92DB909B3B}.Release|Any CPU.Build.0 = Release|iPhone
		{D658B210-3DBD-4D7C-AB79-0D92DB909B3B}.Release|Any CPU.Deploy.0 = Release|iPhone
		{D658B210-3DBD-4D7C-AB79-0D92DB909B3B}.Release|iPhone.ActiveCfg = Release|iPhone
		{D658B210-3DBD-4D7C-AB79-0D92DB909B3B}.Release|iPhone.Build.0 = Release|iPhone
		{D658B210-3DBD-4D7C-AB79-0D92DB909B3B}.Release|iPhone.Deploy.0 = Release|iPhone
		{D658B210-3DBD-4D7C-AB79-0D92DB909B3B}.Release|iPhoneSimulator.ActiveCfg = Release|iPhoneSimulator
		{D658B210-3DBD-4D7C-AB79-0D92DB909B3B}.Release|iPhoneSimulator.Build.0 = Release|iPhoneSimulator
		{D658B210-3DBD-4D7C-AB79-0D92DB909B3B}.Release|iPhoneSimulator.Deploy.0 = Release|iPhoneSimulator
		{873DDE7D-527C-4703-BE92-E6A892AC622B}.Ad-Hoc|Any CPU.ActiveCfg = Debug|Any CPU
		{873DDE7D-527C-4703-BE92-E6A892AC622B}.Ad-Hoc|Any CPU.Build.0 = Debug|Any CPU
		{873DDE7D-527C-4703-BE92-E6A892AC622B}.Ad-Hoc|Any CPU.Deploy.0 = Debug|Any CPU
		{873DDE7D-527C-4703-BE92-E6A892AC622B}.Ad-Hoc|iPhone.ActiveCfg = Debug|Any CPU
		{873DDE7D-527C-4703-BE92-E6A892AC622B}.Ad-Hoc|iPhone.Build.0 = Debug|Any CPU
		{873DDE7D-527C-4703-BE92-E6A892AC622B}.Ad-Hoc|iPhone.Deploy.0 = Debug|Any CPU
		{873DDE7D-527C-4703-BE92-E6A892AC622B}.Ad-Hoc|iPhoneSimulator.ActiveCfg = Debug|Any CPU
		{873DDE7D-527C-4703-BE92-E6A892AC622B}.Ad-Hoc|iPhoneSimulator.Build.0 = Debug|Any CPU
		{873DDE7D-527C-4703-BE92-E6A892AC622B}.Ad-Hoc|iPhoneSimulator.Deploy.0 = Debug|Any CPU
		{873DDE7D-527C-4703-BE92-E6A892AC622B}.AppStore|Any CPU.ActiveCfg = Debug|Any CPU
		{873DDE7D-527C-4703-BE92-E6A892AC622B}.AppStore|Any CPU.Build.0 = Debug|Any CPU
		{873DDE7D-527C-4703-BE92-E6A892AC622B}.AppStore|Any CPU.Deploy.0 = Debug|Any CPU
		{873DDE7D-527C-4703-BE92-E6A892AC622B}.AppStore|iPhone.ActiveCfg = Debug|Any CPU
		{873DDE7D-527C-4703-BE92-E6A892AC622B}.AppStore|iPhone.Build.0 = Debug|Any CPU
		{873DDE7D-527C-4703-BE92-E6A892AC622B}.AppStore|iPhone.Deploy.0 = Debug|Any CPU
		{873DDE7D-527C-4703-BE92-E6A892AC622B}.AppStore|iPhoneSimulator.ActiveCfg = Debug|Any CPU
		{873DDE7D-527C-4703-BE92-E6A892AC622B}.AppStore|iPhoneSimulator.Build.0 = Debug|Any CPU
		{873DDE7D-527C-4703-BE92-E6A892AC622B}.AppStore|iPhoneSimulator.Deploy.0 = Debug|Any CPU
		{873DDE7D-527C-4703-BE92-E6A892AC622B}.Debug|Any CPU.ActiveCfg = Debug|Any CPU
		{873DDE7D-527C-4703-BE92-E6A892AC622B}.Debug|Any CPU.Build.0 = Debug|Any CPU
		{873DDE7D-527C-4703-BE92-E6A892AC622B}.Debug|Any CPU.Deploy.0 = Debug|Any CPU
		{873DDE7D-527C-4703-BE92-E6A892AC622B}.Debug|iPhone.ActiveCfg = Debug|Any CPU
		{873DDE7D-527C-4703-BE92-E6A892AC622B}.Debug|iPhone.Build.0 = Debug|Any CPU
		{873DDE7D-527C-4703-BE92-E6A892AC622B}.Debug|iPhone.Deploy.0 = Debug|Any CPU
		{873DDE7D-527C-4703-BE92-E6A892AC622B}.Debug|iPhoneSimulator.ActiveCfg = Debug|Any CPU
		{873DDE7D-527C-4703-BE92-E6A892AC622B}.Debug|iPhoneSimulator.Build.0 = Debug|Any CPU
		{873DDE7D-527C-4703-BE92-E6A892AC622B}.Debug|iPhoneSimulator.Deploy.0 = Debug|Any CPU
		{873DDE7D-527C-4703-BE92-E6A892AC622B}.Release|Any CPU.ActiveCfg = Release|Any CPU
		{873DDE7D-527C-4703-BE92-E6A892AC622B}.Release|Any CPU.Build.0 = Release|Any CPU
		{873DDE7D-527C-4703-BE92-E6A892AC622B}.Release|Any CPU.Deploy.0 = Release|Any CPU
		{873DDE7D-527C-4703-BE92-E6A892AC622B}.Release|iPhone.ActiveCfg = Release|Any CPU
		{873DDE7D-527C-4703-BE92-E6A892AC622B}.Release|iPhone.Build.0 = Release|Any CPU
		{873DDE7D-527C-4703-BE92-E6A892AC622B}.Release|iPhone.Deploy.0 = Release|Any CPU
		{873DDE7D-527C-4703-BE92-E6A892AC622B}.Release|iPhoneSimulator.ActiveCfg = Release|Any CPU
		{873DDE7D-527C-4703-BE92-E6A892AC622B}.Release|iPhoneSimulator.Build.0 = Release|Any CPU
		{873DDE7D-527C-4703-BE92-E6A892AC622B}.Release|iPhoneSimulator.Deploy.0 = Release|Any CPU
	EndGlobalSection
	GlobalSection(SolutionProperties) = preSolution
		HideSolutionNode = FALSE
	EndGlobalSection
	GlobalSection(ExtensibilityGlobals) = postSolution
		SolutionGuid = {AD5DBB09-7427-4787-9976-00D91EAEF737}
	EndGlobalSection
EndGlobal
